<Solution>
  <Folder Name="/App/">
    <Project Path="App/Practikap.API/Practikap.API.csproj" />
    <Project Path="App/Practikap.Application/Practikap.Application.csproj" />
    <Project Path="App/Practikap.Domain/Practikap.Domain.csproj" />
    <Project Path="App/Practikap.Infrastructure/Practikap.Infrastructure.csproj" />
  </Folder>
  <Folder Name="/tests/">
    <Project Path="tests/Practikap.Domain.Tests/Practikap.Domain.Tests.csproj" />
  </Folder>
</Solution>
